// !$*UTF8*$!
{
	archiveVersion = 1;
	classes = {
	};
	objectVersion = 55;
	objects = {

/* Begin PBXBuildFile section */
		DB0567542754B845000A33A3 /* data.json in Resources */ = {isa = PBXBuildFile; fileRef = DB0567532754B845000A33A3 /* data.json */; };
		DB78139727504F4700D44E2F /* AppDelegate.swift in Sources */ = {isa = PBXBuildFile; fileRef = DB78139627504F4700D44E2F /* AppDelegate.swift */; };
		DB78139927504F4700D44E2F /* SceneDelegate.swift in Sources */ = {isa = PBXBuildFile; fileRef = DB78139827504F4700D44E2F /* SceneDelegate.swift */; };
		DB78139B27504F4700D44E2F /* ViewController.swift in Sources */ = {isa = PBXBuildFile; fileRef = DB78139A27504F4700D44E2F /* ViewController.swift */; };
		DB78139E27504F4700D44E2F /* Main.storyboard in Resources */ = {isa = PBXBuildFile; fileRef = DB78139C27504F4700D44E2F /* Main.storyboard */; };
		DB7813A127504F4700D44E2F /* azs0243_finalproject_fall21.xcdatamodeld in Sources */ = {isa = PBXBuildFile; fileRef = DB78139F27504F4700D44E2F /* azs0243_finalproject_fall21.xcdatamodeld */; };
		DB7813A327504F4900D44E2F /* Assets.xcassets in Resources */ = {isa = PBXBuildFile; fileRef = DB7813A227504F4900D44E2F /* Assets.xcassets */; };
		DB7813A627504F4900D44E2F /* LaunchScreen.storyboard in Resources */ = {isa = PBXBuildFile; fileRef = DB7813A427504F4900D44E2F /* LaunchScreen.storyboard */; };
		DB7813B0275057FC00D44E2F /* DetailObject.swift in Sources */ = {isa = PBXBuildFile; fileRef = DB7813AF275057FC00D44E2F /* DetailObject.swift */; };
		DB7813B22750704A00D44E2F /* DetailViewController.swift in Sources */ = {isa = PBXBuildFile; fileRef = DB7813B12750704A00D44E2F /* DetailViewController.swift */; };
/* End PBXBuildFile section */

/* Begin PBXFileReference section */
		DB0567532754B845000A33A3 /* data.json */ = {isa = PBXFileReference; lastKnownFileType = text.json; path = data.json; sourceTree = "<group>"; };
		DB78139327504F4700D44E2F /* azs0243_finalproject_fall21.app */ = {isa = PBXFileReference; explicitFileType = wrapper.application; includeInIndex = 0; path = azs0243_finalproject_fall21.app; sourceTree = BUILT_PRODUCTS_DIR; };
		DB78139627504F4700D44E2F /* AppDelegate.swift */ = {isa = PBXFileReference; lastKnownFileType = sourcecode.swift; path = AppDelegate.swift; sourceTree = "<group>"; };
		DB78139827504F4700D44E2F /* SceneDelegate.swift */ = {isa = PBXFileReference; lastKnownFileType = sourcecode.swift; path = SceneDelegate.swift; sourceTree = "<group>"; };
		DB78139A27504F4700D44E2F /* ViewController.swift */ = {isa = PBXFileReference; lastKnownFileType = sourcecode.swift; path = ViewController.swift; sourceTree = "<group>"; };
		DB78139D27504F4700D44E2F /* Base */ = {isa = PBXFileReference; lastKnownFileType = file.storyboard; name = Base; path = Base.lproj/Main.storyboard; sourceTree = "<group>"; };
		DB7813A027504F4700D44E2F /* azs0243_finalproject_fall21.xcdatamodel */ = {isa = PBXFileReference; lastKnownFileType = wrapper.xcdatamodel; path = azs0243_finalproject_fall21.xcdatamodel; sourceTree = "<group>"; };
		DB7813A227504F4900D44E2F /* Assets.xcassets */ = {isa = PBXFileReference; lastKnownFileType = folder.assetcatalog; path = Assets.xcassets; sourceTree = "<group>"; };
		DB7813A527504F4900D44E2F /* Base */ = {isa = PBXFileReference; lastKnownFileType = file.storyboard; name = Base; path = Base.lproj/LaunchScreen.storyboard; sourceTree = "<group>"; };
		DB7813A727504F4900D44E2F /* Info.plist */ = {isa = PBXFileReference; lastKnownFileType = text.plist.xml; path = Info.plist; sourceTree = "<group>"; };
		DB7813AF275057FC00D44E2F /* DetailObject.swift */ = {isa = PBXFileReference; lastKnownFileType = sourcecode.swift; path = DetailObject.swift; sourceTree = "<group>"; };
		DB7813B12750704A00D44E2F /* DetailViewController.swift */ = {isa = PBXFileReference; lastKnownFileType = sourcecode.swift; path = DetailViewController.swift; sourceTree = "<group>"; };
/* End PBXFileReference section */

/* Begin PBXFrameworksBuildPhase section */
		DB78139027504F4700D44E2F /* Frameworks */ = {
			isa = PBXFrameworksBuildPhase;
			buildActionMask = 2147483647;
			files = (
			);
			runOnlyForDeploymentPostprocessing = 0;
		};
/* End PBXFrameworksBuildPhase section */

/* Begin PBXGroup section */
		DB78138A27504F4700D44E2F = {
			isa = PBXGroup;
			children = (
				DB78139527504F4700D44E2F /* azs0243_finalproject_fall21 */,
				DB78139427504F4700D44E2F /* Products */,
			);
			sourceTree = "<group>";
		};
		DB78139427504F4700D44E2F /* Products */ = {
			isa = PBXGroup;
			children = (
				DB78139327504F4700D44E2F /* azs0243_finalproject_fall21.app */,
			);
			name = Products;
			sourceTree = "<group>";
		};
		DB78139527504F4700D44E2F /* azs0243_finalproject_fall21 */ = {
			isa = PBXGroup;
			children = (
				DB78139627504F4700D44E2F /* AppDelegate.swift */,
				DB78139827504F4700D44E2F /* SceneDelegate.swift */,
				DB78139A27504F4700D44E2F /* ViewController.swift */,
				DB7813AF275057FC00D44E2F /* DetailObject.swift */,
				DB78139C27504F4700D44E2F /* Main.storyboard */,
				DB7813B12750704A00D44E2F /* DetailViewController.swift */,
				DB7813A227504F4900D44E2F /* Assets.xcassets */,
				DB7813A427504F4900D44E2F /* LaunchScreen.storyboard */,
				DB7813A727504F4900D44E2F /* Info.plist */,
				DB78139F27504F4700D44E2F /* azs0243_finalproject_fall21.xcdatamodeld */,
				DB7813B3275091E900D44E2F /* JSON */,
			);
			path = azs0243_finalproject_fall21;
			sourceTree = "<group>";
		};
		DB7813B3275091E900D44E2F /* JSON */ = {
			isa = PBXGroup;
			children = (
				DB0567532754B845000A33A3 /* data.json */,
			);
			path = JSON;
			sourceTree = "<group>";
		};
/* End PBXGroup section */

/* Begin PBXNativeTarget section */
		DB78139227504F4700D44E2F /* azs0243_finalproject_fall21 */ = {
			isa = PBXNativeTarget;
			buildConfigurationList = DB7813AA27504F4900D44E2F /* Build configuration list for PBXNativeTarget "azs0243_finalproject_fall21" */;
			buildPhases = (
				DB78138F27504F4700D44E2F /* Sources */,
				DB78139027504F4700D44E2F /* Frameworks */,
				DB78139127504F4700D44E2F /* Resources */,
			);
			buildRules = (
			);
			dependencies = (
			);
			name = azs0243_finalproject_fall21;
			productName = azs0243_finalproject_fall21;
			productReference = DB78139327504F4700D44E2F /* azs0243_finalproject_fall21.app */;
			productType = "com.apple.product-type.application";
		};
/* End PBXNativeTarget section */

/* Begin PBXProject section */
		DB78138B27504F4700D44E2F /* Project object */ = {
			isa = PBXProject;
			attributes = {
				BuildIndependentTargetsInParallel = 1;
				LastSwiftUpdateCheck = 1310;
				LastUpgradeCheck = 1310;
				TargetAttributes = {
					DB78139227504F4700D44E2F = {
						CreatedOnToolsVersion = 13.1;
					};
				};
			};
			buildConfigurationList = DB78138E27504F4700D44E2F /* Build configuration list for PBXProject "azs0243_finalproject_fall21" */;
			compatibilityVersion = "Xcode 13.0";
			developmentRegion = en;
			hasScannedForEncodings = 0;
			knownRegions = (
				en,
				Base,
			);
			mainGroup = DB78138A27504F4700D44E2F;
			productRefGroup = DB78139427504F4700D44E2F /* Products */;
			projectDirPath = "";
			projectRoot = "";
			targets = (
				DB78139227504F4700D44E2F /* azs0243_finalproject_fall21 */,
			);
		};
/* End PBXProject section */

/* Begin PBXResourcesBuildPhase section */
		DB78139127504F4700D44E2F /* Resources */ = {
			isa = PBXResourcesBuildPhase;
			buildActionMask = 2147483647;
			files = (
				DB7813A627504F4900D44E2F /* LaunchScreen.storyboard in Resources */,
				DB7813A327504F4900D44E2F /* Assets.xcassets in Resources */,
				DB78139E27504F4700D44E2F /* Main.storyboard in Resources */,
				DB0567542754B845000A33A3 /* data.json in Resources */,
			);
			runOnlyForDeploymentPostprocessing = 0;
		};
/* End PBXResourcesBuildPhase section */

/* Begin PBXSourcesBuildPhase section */
		DB78138F27504F4700D44E2F /* Sources */ = {
			isa = PBXSourcesBuildPhase;
			buildActionMask = 2147483647;
			files = (
				DB7813A127504F4700D44E2F /* azs0243_finalproject_fall21.xcdatamodeld in Sources */,
				DB78139B27504F4700D44E2F /* ViewController.swift in Sources */,
				DB78139727504F4700D44E2F /* AppDelegate.swift in Sources */,
				DB7813B22750704A00D44E2F /* DetailViewController.swift in Sources */,
				DB78139927504F4700D44E2F /* SceneDelegate.swift in Sources */,
				DB7813B0275057FC00D44E2F /* DetailObject.swift in Sources */,
			);
			runOnlyForDeploymentPostprocessing = 0;
		};
/* End PBXSourcesBuildPhase section */

/* Begin PBXVariantGroup section */
		DB78139C27504F4700D44E2F /* Main.storyboard */ = {
			isa = PBXVariantGroup;
			children = (
				DB78139D27504F4700D44E2F /* Base */,
			);
			name = Main.storyboard;
			sourceTree = "<group>";
		};
		DB7813A427504F4900D44E2F /* LaunchScreen.storyboard */ = {
			isa = PBXVariantGroup;
			children = (
				DB7813A527504F4900D44E2F /* Base */,
			);
			name = LaunchScreen.storyboard;
			sourceTree = "<group>";
		};
/* End PBXVariantGroup section */

/* Begin XCBuildConfiguration section */
		DB7813A827504F4900D44E2F /* Debug */ = {
			isa = XCBuildConfiguration;
			buildSettings = {
				ALWAYS_SEARCH_USER_PATHS = NO;
				CLANG_ANALYZER_NONNULL = YES;
				CLANG_ANALYZER_NUMBER_OBJECT_CONVERSION = YES_AGGRESSIVE;
				CLANG_CXX_LANGUAGE_STANDARD = "gnu++17";
				CLANG_CXX_LIBRARY = "libc++";
				CLANG_ENABLE_MODULES = YES;
				CLANG_ENABLE_OBJC_ARC = YES;
				CLANG_ENABLE_OBJC_WEAK = YES;
				CLANG_WARN_BLOCK_CAPTURE_AUTORELEASING = YES;
				CLANG_WARN_BOOL_CONVERSION = YES;
				CLANG_WARN_COMMA = YES;
				CLANG_WARN_CONSTANT_CONVERSION = YES;
				CLANG_WARN_DEPRECATED_OBJC_IMPLEMENTATIONS = YES;
				CLANG_WARN_DIRECT_OBJC_ISA_USAGE = YES_ERROR;
				CLANG_WARN_DOCUMENTATION_COMMENTS = YES;
				CLANG_WARN_EMPTY_BODY = YES;
				CLANG_WARN_ENUM_CONVERSION = YES;
				CLANG_WARN_INFINITE_RECURSION = YES;
				CLANG_WARN_INT_CONVERSION = YES;
				CLANG_WARN_NON_LITERAL_NULL_CONVERSION = YES;
				CLANG_WARN_OBJC_IMPLICIT_RETAIN_SELF = YES;
				CLANG_WARN_OBJC_LITERAL_CONVERSION = YES;
				CLANG_WARN_OBJC_ROOT_CLASS = YES_ERROR;
				CLANG_WARN_QUOTED_INCLUDE_IN_FRAMEWORK_HEADER = YES;
				CLANG_WARN_RANGE_LOOP_ANALYSIS = YES;
				CLANG_WARN_STRICT_PROTOTYPES = YES;
				CLANG_WARN_SUSPICIOUS_MOVE = YES;
				CLANG_WARN_UNGUARDED_AVAILABILITY = YES_AGGRESSIVE;
				CLANG_WARN_UNREACHABLE_CODE = YES;
				CLANG_WARN__DUPLICATE_METHOD_MATCH = YES;
				COPY_PHASE_STRIP = NO;
				DEBUG_INFORMATION_FORMAT = dwarf;
				ENABLE_STRICT_OBJC_MSGSEND = YES;
				ENABLE_TESTABILITY = YES;
				GCC_C_LANGUAGE_STANDARD = gnu11;
				GCC_DYNAMIC_NO_PIC = NO;
				GCC_NO_COMMON_BLOCKS = YES;
				GCC_OPTIMIZATION_LEVEL = 0;
				GCC_PREPROCESSOR_DEFINITIONS = (
					"DEBUG=1",
					"$(inherited)",
				);
				GCC_WARN_64_TO_32_BIT_CONVERSION = YES;
				GCC_WARN_ABOUT_RETURN_TYPE = YES_ERROR;
				GCC_WARN_UNDECLARED_SELECTOR = YES;
				GCC_WARN_UNINITIALIZED_AUTOS = YES_AGGRESSIVE;
				GCC_WARN_UNUSED_FUNCTION = YES;
				GCC_WARN_UNUSED_VARIABLE = YES;
				IPHONEOS_DEPLOYMENT_TARGET = 15.0;
				MTL_ENABLE_DEBUG_INFO = INCLUDE_SOURCE;
				MTL_FAST_MATH = YES;
				ONLY_ACTIVE_ARCH = YES;
				SDKROOT = iphoneos;
				SWIFT_ACTIVE_COMPILATION_CONDITIONS = DEBUG;
				SWIFT_OPTIMIZATION_LEVEL = "-Onone";
			};
			name = Debug;
		};
		DB7813A927504F4900D44E2F /* Release */ = {
			isa = XCBuildConfiguration;
			buildSettings = {
				ALWAYS_SEARCH_USER_PATHS = NO;
				CLANG_ANALYZER_NONNULL = YES;
				CLANG_ANALYZER_NUMBER_OBJECT_CONVERSION = YES_AGGRESSIVE;
				CLANG_CXX_LANGUAGE_STANDARD = "gnu++17";
				CLANG_CXX_LIBRARY = "libc++";
				CLANG_ENABLE_MODULES = YES;
				CLANG_ENABLE_OBJC_ARC = YES;
				CLANG_ENABLE_OBJC_WEAK = YES;
				CLANG_WARN_BLOCK_CAPTURE_AUTORELEASING = YES;
				CLANG_WARN_BOOL_CONVERSION = YES;
				CLANG_WARN_COMMA = YES;
				CLANG_WARN_CONSTANT_CONVERSION = YES;
				CLANG_WARN_DEPRECATED_OBJC_IMPLEMENTATIONS = YES;
				CLANG_WARN_DIRECT_OBJC_ISA_USAGE = YES_ERROR;
				CLANG_WARN_DOCUMENTATION_COMMENTS = YES;
				CLANG_WARN_EMPTY_BODY = YES;
				CLANG_WARN_ENUM_CONVERSION = YES;
				CLANG_WARN_INFINITE_RECURSION = YES;
				CLANG_WARN_INT_CONVERSION = YES;
				CLANG_WARN_NON_LITERAL_NULL_CONVERSION = YES;
				CLANG_WARN_OBJC_IMPLICIT_RETAIN_SELF = YES;
				CLANG_WARN_OBJC_LITERAL_CONVERSION = YES;
				CLANG_WARN_OBJC_ROOT_CLASS = YES_ERROR;
				CLANG_WARN_QUOTED_INCLUDE_IN_FRAMEWORK_HEADER = YES;
				CLANG_WARN_RANGE_LOOP_ANALYSIS = YES;
				CLANG_WARN_STRICT_PROTOTYPES = YES;
				CLANG_WARN_SUSPICIOUS_MOVE = YES;
				CLANG_WARN_UNGUARDED_AVAILABILITY = YES_AGGRESSIVE;
				CLANG_WARN_UNREACHABLE_CODE = YES;
				CLANG_WARN__DUPLICATE_METHOD_MATCH = YES;
				COPY_PHASE_STRIP = NO;
				DEBUG_INFORMATION_FORMAT = "dwarf-with-dsym";
				ENABLE_NS_ASSERTIONS = NO;
				ENABLE_STRICT_OBJC_MSGSEND = YES;
				GCC_C_LANGUAGE_STANDARD = gnu11;
				GCC_NO_COMMON_BLOCKS = YES;
				GCC_WARN_64_TO_32_BIT_CONVERSION = YES;
				GCC_WARN_ABOUT_RETURN_TYPE = YES_ERROR;
				GCC_WARN_UNDECLARED_SELECTOR = YES;
				GCC_WARN_UNINITIALIZED_AUTOS = YES_AGGRESSIVE;
				GCC_WARN_UNUSED_FUNCTION = YES;
				GCC_WARN_UNUSED_VARIABLE = YES;
				IPHONEOS_DEPLOYMENT_TARGET = 15.0;
				MTL_ENABLE_DEBUG_INFO = NO;
				MTL_FAST_MATH = YES;
				SDKROOT = iphoneos;
				SWIFT_COMPILATION_MODE = wholemodule;
				SWIFT_OPTIMIZATION_LEVEL = "-O";
				VALIDATE_PRODUCT = YES;
			};
			name = Release;
		};
		DB7813AB27504F4900D44E2F /* Debug */ = {
			isa = XCBuildConfiguration;
			buildSettings = {
				ASSETCATALOG_COMPILER_APPICON_NAME = AppIcon;
				ASSETCATALOG_COMPILER_GLOBAL_ACCENT_COLOR_NAME = AccentColor;
				CODE_SIGN_STYLE = Automatic;
				CURRENT_PROJECT_VERSION = 1;
				DEVELOPMENT_TEAM = 288PYD3452;
				GENERATE_INFOPLIST_FILE = YES;
				INFOPLIST_FILE = azs0243_finalproject_fall21/Info.plist;
				INFOPLIST_KEY_UIApplicationSupportsIndirectInputEvents = YES;
				INFOPLIST_KEY_UILaunchStoryboardName = LaunchScreen;
				INFOPLIST_KEY_UIMainStoryboardFile = Main;
				INFOPLIST_KEY_UISupportedInterfaceOrientations_iPad = "UIInterfaceOrientationPortrait UIInterfaceOrientationPortraitUpsideDown UIInterfaceOrientationLandscapeLeft UIInterfaceOrientationLandscapeRight";
				INFOPLIST_KEY_UISupportedInterfaceOrientations_iPhone = "UIInterfaceOrientationPortrait UIInterfaceOrientationLandscapeLeft UIInterfaceOrientationLandscapeRight";
				LD_RUNPATH_SEARCH_PATHS = (
					"$(inherited)",
					"@executable_path/Frameworks",
				);
				MARKETING_VERSION = 1.0;
				PRODUCT_BUNDLE_IDENTIFIER = "edu.auburn.csse.azs0243-finalproject-fall21";
				PRODUCT_NAME = "$(TARGET_NAME)";
				SWIFT_EMIT_LOC_STRINGS = YES;
				SWIFT_VERSION = 5.0;
				TARGETED_DEVICE_FAMILY = "1,2";
			};
			name = Debug;
		};
		DB7813AC27504F4900D44E2F /* Release */ = {
			isa = XCBuildConfiguration;
			buildSettings = {
				ASSETCATALOG_COMPILER_APPICON_NAME = AppIcon;
				ASSETCATALOG_COMPILER_GLOBAL_ACCENT_COLOR_NAME = AccentColor;
				CODE_SIGN_STYLE = Automatic;
				CURRENT_PROJECT_VERSION = 1;
				DEVELOPMENT_TEAM = 288PYD3452;
				GENERATE_INFOPLIST_FILE = YES;
				INFOPLIST_FILE = azs0243_finalproject_fall21/Info.plist;
				INFOPLIST_KEY_UIApplicationSupportsIndirectInputEvents = YES;
				INFOPLIST_KEY_UILaunchStoryboardName = LaunchScreen;
				INFOPLIST_KEY_UIMainStoryboardFile = Main;
				INFOPLIST_KEY_UISupportedInterfaceOrientations_iPad = "UIInterfaceOrientationPortrait UIInterfaceOrientationPortraitUpsideDown UIInterfaceOrientationLandscapeLeft UIInterfaceOrientationLandscapeRight";
				INFOPLIST_KEY_UISupportedInterfaceOrientations_iPhone = "UIInterfaceOrientationPortrait UIInterfaceOrientationLandscapeLeft UIInterfaceOrientationLandscapeRight";
				LD_RUNPATH_SEARCH_PATHS = (
					"$(inherited)",
					"@executable_path/Frameworks",
				);
				MARKETING_VERSION = 1.0;
				PRODUCT_BUNDLE_IDENTIFIER = "edu.auburn.csse.azs0243-finalproject-fall21";
				PRODUCT_NAME = "$(TARGET_NAME)";
				SWIFT_EMIT_LOC_STRINGS = YES;
				SWIFT_VERSION = 5.0;
				TARGETED_DEVICE_FAMILY = "1,2";
			};
			name = Release;
		};
/* End XCBuildConfiguration section */

/* Begin XCConfigurationList section */
		DB78138E27504F4700D44E2F /* Build configuration list for PBXProject "azs0243_finalproject_fall21" */ = {
			isa = XCConfigurationList;
			buildConfigurations = (
				DB7813A827504F4900D44E2F /* Debug */,
				DB7813A927504F4900D44E2F /* Release */,
			);
			defaultConfigurationIsVisible = 0;
			defaultConfigurationName = Release;
		};
		DB7813AA27504F4900D44E2F /* Build configuration list for PBXNativeTarget "azs0243_finalproject_fall21" */ = {
			isa = XCConfigurationList;
			buildConfigurations = (
				DB7813AB27504F4900D44E2F /* Debug */,
				DB7813AC27504F4900D44E2F /* Release */,
			);
			defaultConfigurationIsVisible = 0;
			defaultConfigurationName = Release;
		};
/* End XCConfigurationList section */

/* Begin XCVersionGroup section */
		DB78139F27504F4700D44E2F /* azs0243_finalproject_fall21.xcdatamodeld */ = {
			isa = XCVersionGroup;
			children = (
				DB7813A027504F4700D44E2F /* azs0243_finalproject_fall21.xcdatamodel */,
			);
			currentVersion = DB7813A027504F4700D44E2F /* azs0243_finalproject_fall21.xcdatamodel */;
			path = azs0243_finalproject_fall21.xcdatamodeld;
			sourceTree = "<group>";
			versionGroupType = wrapper.xcdatamodel;
		};
/* End XCVersionGroup section */
	};
	rootObject = DB78138B27504F4700D44E2F /* Project object */;
}
